hash: 516459cb06c1e927c7f60293c4f106f961380f70e744b544496e030e5a7f0f42
updated: 2016-01-28T16:50:58.658125458-08:00
imports:
- name: github.com/howeyc/gopass
  version: 44476384cd4721b68705e72f19e95d1a3a504370
- name: golang.org/x/crypto
  version: 1f22c0103821b9390939b6776727195525381532
  subpackages:
  - /ssh/terminal
  - ssh/terminal
  - blowfish
  - nacl/secretbox
  - salsa20/salsa
  - poly1305
  - openpgp/armor
  - openpgp/errors
  - openpgp/packet
  - openpgp/s2k
  - pkcs12/internal/rc2
devImports: []
